version = 1

[resolved]
"lake.tamago.input_rev" = "6b2708d091dd280d0a974156cbd79b0e24fd7238"
"lake.tamago.rev" = "6b2708d091dd280d0a974156cbd79b0e24fd7238"
"lake.tamago.url" = "https://github.com/Bacon-labs/tamago.git"
"lake.verity.input_rev" = "9b0114efcc0af589af63dd3f2eafcdf1a24dbf1e"
"lake.verity.rev" = "9b0114efcc0af589af63dd3f2eafcdf1a24dbf1e"
"lake.verity.url" = "https://github.com/lfglabs-dev/verity.git"
lean_toolchain = "leanprover/lean4:v4.22.0"
solc = "0.8.33"
verity_git = "https://github.com/lfglabs-dev/verity.git"
verity_rev = "9b0114efcc0af589af63dd3f2eafcdf1a24dbf1e"

[inputs]
"foundry.toml" = "61f08413416c82d3fbc2e89988fe402fbfea3f877c954d108d109b2dd4bebf54"
"lake-manifest.json" = "a83b7849704d410c1aa7b246a5fc6cb5b2fcbb78f6fcdc36fdb4f7eaf8e4a365"
"lakefile.toml" = "bba2af87b88297d5ac942d77165e0319b94dcce50a3cd31432ab51474ff82a6a"
lean-toolchain = "8f6680f8389e8adee06cb2bd44372c6d60dce0e8301630b61a99a5642d1bd71b"
"tama.toml" = "c5b4beb7033bf566672ac5d5a7c56ce3add176fc3ccad47f1fed38ecf1cbe29d"
"verity/proof/TamaUniV2/Proof.lean" = "f03d0ab1bff194951a0c22a99cf5aa230e8fa6a7a95d0249fc3357fe0a881715"
"verity/spec/TamaUniV2/Spec.lean" = "f2ac1f4d087d387baa78d62dd6e84b72696ed1063e409129ecbf86ed077084c2"
"verity/src/TamaUniV2.lean" = "0b4e2ade80bdcb2c97231e54bc952377155ef64ac85bcbfb8c7a3bf38a58274d"

[yul]
evm_version = "cancun"
metadata_bytecode_hash = "none"
optimizer = true
optimizer_runs = 200
yul_optimizer = true
